<?xml version="1.0" encoding="utf-8"?>
<Project ToolsVersion="4.0" xmlns="http://schemas.microsoft.com/developer/msbuild/2003">
  <ItemGroup>
    <Filter Include="src">
      <UniqueIdentifier>{4FC737F1-C7A5-4376-A066-2A32D752A2FF}</UniqueIdentifier>
      <Extensions>cpp;c;cc;cxx;def;odl;idl;hpj;bat;asm;asmx</Extensions>
    </Filter>
    <Filter Include="src\tests">
      <UniqueIdentifier>{b98c831e-dc57-4863-aed1-972af6b8e36d}</UniqueIdentifier>
    </Filter>
  </ItemGroup>
  <ItemGroup>
    <ClCompile Include="src\main_win.cpp">
      <Filter>src</Filter>
    </ClCompile>
    <ClCompile Include="src\test_app.cpp">
      <Filter>src</Filter>
    </ClCompile>
    <ClCompile Include="src\tests\animation_test.cpp">
      <Filter>src\tests</Filter>
    </ClCompile>
    <ClCompile Include="src\tests\text_test.cpp">
      <Filter>src\tests</Filter>
    </ClCompile>
    <ClCompile Include="src\tests\input_msg_test.cpp">
      <Filter>src\tests</Filter>
    </ClCompile>
    <ClCompile Include="src\tests\ui_test.cpp">
      <Filter>src\tests</Filter>
    </ClCompile>
  </ItemGroup>
  <ItemGroup>
    <ClInclude Include="src\test_app.h">
      <Filter>src</Filter>
    </ClInclude>
    <ClInclude Include="src\tests\test_interface.h">
      <Filter>src\tests</Filter>
    </ClInclude>
    <ClInclude Include="src\tests\animation_test.h">
      <Filter>src\tests</Filter>
    </ClInclude>
    <ClInclude Include="src\tests\text_test.h">
      <Filter>src\tests</Filter>
    </ClInclude>
    <ClInclude Include="src\tests\input_msg_test.h">
      <Filter>src\tests</Filter>
    </ClInclude>
    <ClInclude Include="src\tests\ui_test.h">
      <Filter>src\tests</Filter>
    </ClInclude>
  </ItemGroup>
</Project>