<?xml version="1.0" encoding="utf-8"?>
<Project ToolsVersion="4.0" xmlns="http://schemas.microsoft.com/developer/msbuild/2003">
  <ItemGroup>
    <Filter Include="Source Files">
      <UniqueIdentifier>{4FC737F1-C7A5-4376-A066-2A32D752A2FF}</UniqueIdentifier>
      <Extensions>cpp;c;cc;cxx;def;odl;idl;hpj;bat;asm;asmx</Extensions>
    </Filter>
    <Filter Include="Header Files">
      <UniqueIdentifier>{93995380-89BD-4b04-88EB-625FBE52EBFB}</UniqueIdentifier>
      <Extensions>h;hpp;hxx;hm;inl;inc;xsd</Extensions>
    </Filter>
    <Filter Include="Resource Files">
      <UniqueIdentifier>{67DA6AB6-F800-4c08-8B7A-83BB121AAD01}</UniqueIdentifier>
      <Extensions>rc;ico;cur;bmp;dlg;rc2;rct;bin;rgs;gif;jpg;jpeg;jpe;resx;tiff;tif;png;wav;mfcribbon-ms</Extensions>
    </Filter>
    <Filter Include="Source Files\vehicle">
      <UniqueIdentifier>{b6c5c39f-26b2-4b04-81aa-bc531e4f5b13}</UniqueIdentifier>
    </Filter>
  </ItemGroup>
  <ItemGroup>
    <None Include="ReadMe.txt" />
    <None Include="..\export.def">
      <Filter>Source Files</Filter>
    </None>
  </ItemGroup>
  <ItemGroup>
    <ClInclude Include="targetver.h">
      <Filter>Header Files</Filter>
    </ClInclude>
    <ClInclude Include="..\cPhys.h">
      <Filter>Source Files</Filter>
    </ClInclude>
    <ClInclude Include="..\game.h">
      <Filter>Source Files</Filter>
    </ClInclude>
    <ClInclude Include="..\stuff.h">
      <Filter>Source Files\vehicle</Filter>
    </ClInclude>
    <ClInclude Include="..\vehicle.h">
      <Filter>Source Files\vehicle</Filter>
    </ClInclude>
    <ClInclude Include="..\vehicle_chassis.h">
      <Filter>Source Files\vehicle</Filter>
    </ClInclude>
  </ItemGroup>
  <ItemGroup>
    <ClCompile Include="..\cPhys.cpp">
      <Filter>Source Files</Filter>
    </ClCompile>
    <ClCompile Include="..\dllmain.cpp">
      <Filter>Source Files</Filter>
    </ClCompile>
    <ClCompile Include="..\rally.cpp">
      <Filter>Source Files</Filter>
    </ClCompile>
    <ClCompile Include="..\vehicle.cpp">
      <Filter>Source Files\vehicle</Filter>
    </ClCompile>
    <ClCompile Include="..\vehicle_chassis.cpp">
      <Filter>Source Files\vehicle</Filter>
    </ClCompile>
  </ItemGroup>
</Project>