<?xml version="1.0" encoding="utf-8"?>
<Project ToolsVersion="4.0" xmlns="http://schemas.microsoft.com/developer/msbuild/2003">
  <ItemGroup>
    <Filter Include="other">
      <UniqueIdentifier>{97d93f32-db96-409e-9aca-53a612b70bb2}</UniqueIdentifier>
    </Filter>
    <Filter Include="other\Заголовочные файлы">
      <UniqueIdentifier>{93995380-89BD-4b04-88EB-625FBE52EBFB}</UniqueIdentifier>
      <Extensions>h;hpp;hxx;hm;inl;inc;xsd</Extensions>
    </Filter>
    <Filter Include="other\Файлы исходного кода">
      <UniqueIdentifier>{4FC737F1-C7A5-4376-A066-2A32D752A2FF}</UniqueIdentifier>
      <Extensions>cpp;c;cc;cxx;def;odl;idl;hpj;bat;asm;asmx</Extensions>
    </Filter>
    <Filter Include="other\Файлы ресурсов">
      <UniqueIdentifier>{67DA6AB6-F800-4c08-8B7A-83BB121AAD01}</UniqueIdentifier>
      <Extensions>rc;ico;cur;bmp;dlg;rc2;rct;bin;rgs;gif;jpg;jpeg;jpe;resx;tiff;tif;png;wav</Extensions>
    </Filter>
    <Filter Include="frame">
      <UniqueIdentifier>{9f1337ff-3da2-4516-9dbf-f75dc1c8fc3d}</UniqueIdentifier>
    </Filter>
    <Filter Include="frame\tool_scene">
      <UniqueIdentifier>{5ff2ec28-f175-40a0-bb8e-43656a035f7c}</UniqueIdentifier>
    </Filter>
  </ItemGroup>
  <ItemGroup>
    <None Include="ReadMe.txt">
      <Filter>other</Filter>
    </None>
  </ItemGroup>
  <ItemGroup>
    <ClCompile Include="stdafx.cpp">
      <Filter>other</Filter>
    </ClCompile>
    <ClCompile Include="win32_app.cpp" />
    <ClCompile Include="..\physics_test\src\test_frame.cpp">
      <Filter>frame</Filter>
    </ClCompile>
  </ItemGroup>
  <ItemGroup>
    <ClInclude Include="stdafx.h">
      <Filter>other</Filter>
    </ClInclude>
    <ClInclude Include="targetver.h">
      <Filter>other</Filter>
    </ClInclude>
    <ClInclude Include="..\physics_test\src\test_frame.h">
      <Filter>frame</Filter>
    </ClInclude>
    <ClInclude Include="..\physics_test\src\tools_render_scene.h">
      <Filter>frame\tool_scene</Filter>
    </ClInclude>
  </ItemGroup>
</Project>