<?xml version="1.0" encoding="utf-8"?>
<Project ToolsVersion="4.0" xmlns="http://schemas.microsoft.com/developer/msbuild/2003">
  <ItemGroup>
    <Filter Include="app">
      <UniqueIdentifier>{9e6c4b1c-e1de-4b26-8e53-f44c199879b8}</UniqueIdentifier>
    </Filter>
    <Filter Include="other">
      <UniqueIdentifier>{671b420d-8f64-4e4c-9933-7b2b7ca333c8}</UniqueIdentifier>
    </Filter>
    <Filter Include="other\Resource Files">
      <UniqueIdentifier>{67DA6AB6-F800-4c08-8B7A-83BB121AAD01}</UniqueIdentifier>
      <Extensions>rc;ico;cur;bmp;dlg;rc2;rct;bin;rgs;gif;jpg;jpeg;jpe;resx;tiff;tif;png;wav;mfcribbon-ms</Extensions>
    </Filter>
    <Filter Include="other\Source Files">
      <UniqueIdentifier>{4FC737F1-C7A5-4376-A066-2A32D752A2FF}</UniqueIdentifier>
      <Extensions>cpp;c;cc;cxx;def;odl;idl;hpj;bat;asm;asmx</Extensions>
    </Filter>
    <Filter Include="other\Header Files">
      <UniqueIdentifier>{93995380-89BD-4b04-88EB-625FBE52EBFB}</UniqueIdentifier>
      <Extensions>h;hpp;hxx;hm;inl;inc;xsd</Extensions>
    </Filter>
    <Filter Include="app\src">
      <UniqueIdentifier>{a79b0ef2-2ee4-4a1a-b9ef-2f564b61651a}</UniqueIdentifier>
    </Filter>
  </ItemGroup>
  <ItemGroup>
    <None Include="ReadMe.txt" />
  </ItemGroup>
  <ItemGroup>
    <ClInclude Include="targetver.h">
      <Filter>other</Filter>
    </ClInclude>
    <ClInclude Include="stdafx.h">
      <Filter>other</Filter>
    </ClInclude>
    <ClInclude Include="..\..\..\src\util\file_system\file.h">
      <Filter>app\src</Filter>
    </ClInclude>
    <ClInclude Include="..\..\..\src\util\file_system\file_system.h">
      <Filter>app\src</Filter>
    </ClInclude>
    <ClInclude Include="..\..\..\src\util\file_system\file_win.h">
      <Filter>app\src</Filter>
    </ClInclude>
    <ClInclude Include="..\..\..\src\util\file_system\file_base_interface.h">
      <Filter>app\src</Filter>
    </ClInclude>
  </ItemGroup>
  <ItemGroup>
    <ClCompile Include="file_system.cpp">
      <Filter>app</Filter>
    </ClCompile>
    <ClCompile Include="stdafx.cpp">
      <Filter>other</Filter>
    </ClCompile>
    <ClCompile Include="..\..\..\src\util\file_system\file_system.cpp">
      <Filter>app\src</Filter>
    </ClCompile>
    <ClCompile Include="..\..\..\src\util\file_system\file_win.cpp">
      <Filter>app\src</Filter>
    </ClCompile>
    <ClCompile Include="..\..\..\src\util\file_system\file.cpp">
      <Filter>app\src</Filter>
    </ClCompile>
  </ItemGroup>
</Project>